<?xml version="1.0"?>
<CONFIG>
  <ProjectOptions>
    <Version Value="9"/>
    <PathDelim Value="\"/>
    <General>
      <MainUnit Value="0"/>
      <ResourceType Value="res"/>
      <UseXPManifest Value="True"/>
      <Icon Value="0"/>
      <ActiveWindowIndexAtStart Value="0"/>
    </General>
    <i18n>
      <EnableI18N LFM="False"/>
    </i18n>
    <VersionInfo>
      <StringTable ProductVersion=""/>
    </VersionInfo>
    <BuildModes Count="1" Active="Default">
      <Item1 Name="Default" Default="True"/>
    </BuildModes>
    <PublishOptions>
      <Version Value="2"/>
      <IncludeFileFilter Value="*.(pas|pp|inc|lfm|lpr|lrs|lpi|lpk|sh|xml)"/>
      <ExcludeFileFilter Value="*.(bak|ppu|o|so);*~;backup"/>
    </PublishOptions>
    <RunParams>
      <local>
        <FormatVersion Value="1"/>
      </local>
    </RunParams>
    <RequiredPackages Count="1">
      <Item1>
        <PackageName Value="LCL"/>
      </Item1>
    </RequiredPackages>
    <Units Count="4">
      <Unit0>
        <Filename Value="turbodict.lpr"/>
        <IsPartOfProject Value="True"/>
        <UnitName Value="turbodict"/>
        <WindowIndex Value="0"/>
        <TopLine Value="1"/>
        <CursorPos X="3" Y="18"/>
        <UsageCount Value="24"/>
      </Unit0>
      <Unit1>
        <Filename Value="main.pas"/>
        <IsPartOfProject Value="True"/>
        <ComponentName Value="Form1"/>
        <ResourceBaseClass Value="Form"/>
        <UnitName Value="main"/>
        <IsVisibleTab Value="True"/>
        <EditorIndex Value="0"/>
        <WindowIndex Value="0"/>
        <TopLine Value="63"/>
        <CursorPos X="31" Y="81"/>
        <UsageCount Value="24"/>
        <Loaded Value="True"/>
        <LoadedDesigner Value="True"/>
      </Unit1>
      <Unit2>
        <Filename Value="about.pas"/>
        <IsPartOfProject Value="True"/>
        <ComponentName Value="formabout"/>
        <ResourceBaseClass Value="Form"/>
        <UnitName Value="about"/>
        <WindowIndex Value="0"/>
        <TopLine Value="1"/>
        <CursorPos X="1" Y="1"/>
        <UsageCount Value="24"/>
      </Unit2>
      <Unit3>
        <Filename Value="C:\lazarus\fpc\2.4.3\source\rtl\inc\systemh.inc"/>
        <WindowIndex Value="0"/>
        <TopLine Value="815"/>
        <CursorPos X="62" Y="830"/>
        <UsageCount Value="10"/>
      </Unit3>
    </Units>
    <JumpHistory Count="17" HistoryIndex="16">
      <Position1>
        <Filename Value="main.pas"/>
        <Caret Line="1" Column="1" TopLine="1"/>
      </Position1>
      <Position2>
        <Filename Value="main.pas"/>
        <Caret Line="41" Column="18" TopLine="23"/>
      </Position2>
      <Position3>
        <Filename Value="main.pas"/>
        <Caret Line="42" Column="28" TopLine="30"/>
      </Position3>
      <Position4>
        <Filename Value="main.pas"/>
        <Caret Line="67" Column="1" TopLine="47"/>
      </Position4>
      <Position5>
        <Filename Value="main.pas"/>
        <Caret Line="71" Column="30" TopLine="53"/>
      </Position5>
      <Position6>
        <Filename Value="main.pas"/>
        <Caret Line="34" Column="12" TopLine="30"/>
      </Position6>
      <Position7>
        <Filename Value="main.pas"/>
        <Caret Line="42" Column="32" TopLine="30"/>
      </Position7>
      <Position8>
        <Filename Value="main.pas"/>
        <Caret Line="85" Column="3" TopLine="67"/>
      </Position8>
      <Position9>
        <Filename Value="main.pas"/>
        <Caret Line="87" Column="1" TopLine="67"/>
      </Position9>
      <Position10>
        <Filename Value="main.pas"/>
        <Caret Line="86" Column="1" TopLine="55"/>
      </Position10>
      <Position11>
        <Filename Value="main.pas"/>
        <Caret Line="91" Column="1" TopLine="72"/>
      </Position11>
      <Position12>
        <Filename Value="main.pas"/>
        <Caret Line="74" Column="49" TopLine="61"/>
      </Position12>
      <Position13>
        <Filename Value="main.pas"/>
        <Caret Line="78" Column="27" TopLine="60"/>
      </Position13>
      <Position14>
        <Filename Value="main.pas"/>
        <Caret Line="76" Column="20" TopLine="63"/>
      </Position14>
      <Position15>
        <Filename Value="main.pas"/>
        <Caret Line="78" Column="29" TopLine="60"/>
      </Position15>
      <Position16>
        <Filename Value="main.pas"/>
        <Caret Line="67" Column="13" TopLine="66"/>
      </Position16>
      <Position17>
        <Filename Value="main.pas"/>
        <Caret Line="79" Column="16" TopLine="62"/>
      </Position17>
    </JumpHistory>
  </ProjectOptions>
  <CompilerOptions>
    <Version Value="9"/>
    <PathDelim Value="\"/>
    <Target>
      <Filename Value="turbodict"/>
    </Target>
    <SearchPaths>
      <IncludeFiles Value="$(ProjOutDir)"/>
      <UnitOutputDirectory Value="lib\$(TargetCPU)-$(TargetOS)"/>
    </SearchPaths>
    <Linking>
      <Options>
        <Win32>
          <GraphicApplication Value="True"/>
        </Win32>
      </Options>
    </Linking>
    <Other>
      <CompilerMessages>
        <UseMsgFile Value="True"/>
      </CompilerMessages>
      <CompilerPath Value="$(CompPath)"/>
    </Other>
  </CompilerOptions>
  <Debugging>
    <Exceptions Count="3">
      <Item1>
        <Name Value="EAbort"/>
      </Item1>
      <Item2>
        <Name Value="ECodetoolError"/>
      </Item2>
      <Item3>
        <Name Value="EFOpenError"/>
      </Item3>
    </Exceptions>
  </Debugging>
</CONFIG>
